// !$*UTF8*$!
{
	archiveVersion = 1;
	classes = {
	};
	objectVersion = 50;
	objects = {

/* Begin PBXBuildFile section */
		537A202DF800EF72F1B236F7 /* Pods_GitHubSearch.framework in Frameworks */ = {isa = PBXBuildFile; fileRef = 1D57C54F9A1840AC56C23BD9 /* Pods_GitHubSearch.framework */; };
		66890D22216E0E1E00DDF49B /* NetworkManager.swift in Sources */ = {isa = PBXBuildFile; fileRef = 66890D21216E0E1E00DDF49B /* NetworkManager.swift */; };
		66C9FC3C216C88A80018EF4B /* AppDelegate.swift in Sources */ = {isa = PBXBuildFile; fileRef = 66C9FC3B216C88A80018EF4B /* AppDelegate.swift */; };
		66C9FC3E216C88A80018EF4B /* ViewController.swift in Sources */ = {isa = PBXBuildFile; fileRef = 66C9FC3D216C88A80018EF4B /* ViewController.swift */; };
		66C9FC41216C88A80018EF4B /* Main.storyboard in Resources */ = {isa = PBXBuildFile; fileRef = 66C9FC3F216C88A80018EF4B /* Main.storyboard */; };
		66C9FC43216C88AA0018EF4B /* Assets.xcassets in Resources */ = {isa = PBXBuildFile; fileRef = 66C9FC42216C88AA0018EF4B /* Assets.xcassets */; };
		66C9FC46216C88AA0018EF4B /* LaunchScreen.storyboard in Resources */ = {isa = PBXBuildFile; fileRef = 66C9FC44216C88AA0018EF4B /* LaunchScreen.storyboard */; };
		66C9FC4E216C8EBE0018EF4B /* GitHubService.swift in Sources */ = {isa = PBXBuildFile; fileRef = 66C9FC4D216C8EBE0018EF4B /* GitHubService.swift */; };
		66C9FC51216C94B10018EF4B /* Repositories.swift in Sources */ = {isa = PBXBuildFile; fileRef = 66C9FC50216C94B10018EF4B /* Repositories.swift */; };
		66C9FC53216C94BC0018EF4B /* Repository.swift in Sources */ = {isa = PBXBuildFile; fileRef = 66C9FC52216C94BC0018EF4B /* Repository.swift */; };
		66C9FC55216CADB30018EF4B /* SearchParameters.swift in Sources */ = {isa = PBXBuildFile; fileRef = 66C9FC54216CADB30018EF4B /* SearchParameters.swift */; };
		66C9FC5C216DE7410018EF4B /* UISegmentedControl.swift in Sources */ = {isa = PBXBuildFile; fileRef = 66C9FC5B216DE7410018EF4B /* UISegmentedControl.swift */; };
		66C9FC5E216DE95B0018EF4B /* Fonts.swift in Sources */ = {isa = PBXBuildFile; fileRef = 66C9FC5D216DE95B0018EF4B /* Fonts.swift */; };
		66C9FC61216DEA0F0018EF4B /* Colors.swift in Sources */ = {isa = PBXBuildFile; fileRef = 66C9FC60216DEA0F0018EF4B /* Colors.swift */; };
		66C9FC63216DEBCB0018EF4B /* UIColor.swift in Sources */ = {isa = PBXBuildFile; fileRef = 66C9FC62216DEBCB0018EF4B /* UIColor.swift */; };
		66EFC870216F42AC007CC5A1 /* UIViewController.swift in Sources */ = {isa = PBXBuildFile; fileRef = 66EFC86F216F42AC007CC5A1 /* UIViewController.swift */; };
		66EFC872216F4544007CC5A1 /* AboutTableViewController.swift in Sources */ = {isa = PBXBuildFile; fileRef = 66EFC871216F4544007CC5A1 /* AboutTableViewController.swift */; };
/* End PBXBuildFile section */

/* Begin PBXFileReference section */
		1D57C54F9A1840AC56C23BD9 /* Pods_GitHubSearch.framework */ = {isa = PBXFileReference; explicitFileType = wrapper.framework; includeInIndex = 0; path = Pods_GitHubSearch.framework; sourceTree = BUILT_PRODUCTS_DIR; };
		66890D21216E0E1E00DDF49B /* NetworkManager.swift */ = {isa = PBXFileReference; lastKnownFileType = sourcecode.swift; path = NetworkManager.swift; sourceTree = "<group>"; };
		66C9FC38216C88A80018EF4B /* GitHubSearch.app */ = {isa = PBXFileReference; explicitFileType = wrapper.application; includeInIndex = 0; path = GitHubSearch.app; sourceTree = BUILT_PRODUCTS_DIR; };
		66C9FC3B216C88A80018EF4B /* AppDelegate.swift */ = {isa = PBXFileReference; lastKnownFileType = sourcecode.swift; path = AppDelegate.swift; sourceTree = "<group>"; };
		66C9FC3D216C88A80018EF4B /* ViewController.swift */ = {isa = PBXFileReference; lastKnownFileType = sourcecode.swift; path = ViewController.swift; sourceTree = "<group>"; };
		66C9FC40216C88A80018EF4B /* Base */ = {isa = PBXFileReference; lastKnownFileType = file.storyboard; name = Base; path = Base.lproj/Main.storyboard; sourceTree = "<group>"; };
		66C9FC42216C88AA0018EF4B /* Assets.xcassets */ = {isa = PBXFileReference; lastKnownFileType = folder.assetcatalog; path = Assets.xcassets; sourceTree = "<group>"; };
		66C9FC45216C88AA0018EF4B /* Base */ = {isa = PBXFileReference; lastKnownFileType = file.storyboard; name = Base; path = Base.lproj/LaunchScreen.storyboard; sourceTree = "<group>"; };
		66C9FC47216C88AA0018EF4B /* Info.plist */ = {isa = PBXFileReference; lastKnownFileType = text.plist.xml; path = Info.plist; sourceTree = "<group>"; };
		66C9FC4D216C8EBE0018EF4B /* GitHubService.swift */ = {isa = PBXFileReference; lastKnownFileType = sourcecode.swift; path = GitHubService.swift; sourceTree = "<group>"; };
		66C9FC50216C94B10018EF4B /* Repositories.swift */ = {isa = PBXFileReference; lastKnownFileType = sourcecode.swift; path = Repositories.swift; sourceTree = "<group>"; };
		66C9FC52216C94BC0018EF4B /* Repository.swift */ = {isa = PBXFileReference; lastKnownFileType = sourcecode.swift; path = Repository.swift; sourceTree = "<group>"; };
		66C9FC54216CADB30018EF4B /* SearchParameters.swift */ = {isa = PBXFileReference; lastKnownFileType = sourcecode.swift; path = SearchParameters.swift; sourceTree = "<group>"; };
		66C9FC5B216DE7410018EF4B /* UISegmentedControl.swift */ = {isa = PBXFileReference; lastKnownFileType = sourcecode.swift; path = UISegmentedControl.swift; sourceTree = "<group>"; };
		66C9FC5D216DE95B0018EF4B /* Fonts.swift */ = {isa = PBXFileReference; lastKnownFileType = sourcecode.swift; path = Fonts.swift; sourceTree = "<group>"; };
		66C9FC60216DEA0F0018EF4B /* Colors.swift */ = {isa = PBXFileReference; lastKnownFileType = sourcecode.swift; path = Colors.swift; sourceTree = "<group>"; };
		66C9FC62216DEBCB0018EF4B /* UIColor.swift */ = {isa = PBXFileReference; lastKnownFileType = sourcecode.swift; path = UIColor.swift; sourceTree = "<group>"; };
		66EFC86F216F42AC007CC5A1 /* UIViewController.swift */ = {isa = PBXFileReference; lastKnownFileType = sourcecode.swift; path = UIViewController.swift; sourceTree = "<group>"; };
		66EFC871216F4544007CC5A1 /* AboutTableViewController.swift */ = {isa = PBXFileReference; lastKnownFileType = sourcecode.swift; path = AboutTableViewController.swift; sourceTree = "<group>"; };
		930EE667E30CE53931B088FD /* Pods-GitHubSearch.release.xcconfig */ = {isa = PBXFileReference; includeInIndex = 1; lastKnownFileType = text.xcconfig; name = "Pods-GitHubSearch.release.xcconfig"; path = "Pods/Target Support Files/Pods-GitHubSearch/Pods-GitHubSearch.release.xcconfig"; sourceTree = "<group>"; };
		FB8279F5F0E7D9F25D2ADC8C /* Pods-GitHubSearch.debug.xcconfig */ = {isa = PBXFileReference; includeInIndex = 1; lastKnownFileType = text.xcconfig; name = "Pods-GitHubSearch.debug.xcconfig"; path = "Pods/Target Support Files/Pods-GitHubSearch/Pods-GitHubSearch.debug.xcconfig"; sourceTree = "<group>"; };
/* End PBXFileReference section */

/* Begin PBXFrameworksBuildPhase section */
		66C9FC35216C88A80018EF4B /* Frameworks */ = {
			isa = PBXFrameworksBuildPhase;
			buildActionMask = 2147483647;
			files = (
				537A202DF800EF72F1B236F7 /* Pods_GitHubSearch.framework in Frameworks */,
			);
			runOnlyForDeploymentPostprocessing = 0;
		};
/* End PBXFrameworksBuildPhase section */

/* Begin PBXGroup section */
		53282C58234747C2CA20F5D6 /* Pods */ = {
			isa = PBXGroup;
			children = (
				FB8279F5F0E7D9F25D2ADC8C /* Pods-GitHubSearch.debug.xcconfig */,
				930EE667E30CE53931B088FD /* Pods-GitHubSearch.release.xcconfig */,
			);
			name = Pods;
			sourceTree = "<group>";
		};
		66890D23216E0EA900DDF49B /* Network */ = {
			isa = PBXGroup;
			children = (
				66C9FC4D216C8EBE0018EF4B /* GitHubService.swift */,
				66890D21216E0E1E00DDF49B /* NetworkManager.swift */,
			);
			path = Network;
			sourceTree = "<group>";
		};
		66C9FC2F216C88A80018EF4B = {
			isa = PBXGroup;
			children = (
				66C9FC3A216C88A80018EF4B /* GitHubSearch */,
				66C9FC39216C88A80018EF4B /* Products */,
				53282C58234747C2CA20F5D6 /* Pods */,
				FAB276AEB772B8AE593D1E03 /* Frameworks */,
			);
			sourceTree = "<group>";
		};
		66C9FC39216C88A80018EF4B /* Products */ = {
			isa = PBXGroup;
			children = (
				66C9FC38216C88A80018EF4B /* GitHubSearch.app */,
			);
			name = Products;
			sourceTree = "<group>";
		};
		66C9FC3A216C88A80018EF4B /* GitHubSearch */ = {
			isa = PBXGroup;
			children = (
				66C9FC5A216DE72E0018EF4B /* Extensions */,
				66C9FC5F216DE9F70018EF4B /* Common */,
				66C9FC3B216C88A80018EF4B /* AppDelegate.swift */,
				66C9FC3D216C88A80018EF4B /* ViewController.swift */,
				66EFC871216F4544007CC5A1 /* AboutTableViewController.swift */,
				66C9FC3F216C88A80018EF4B /* Main.storyboard */,
				66C9FC42216C88AA0018EF4B /* Assets.xcassets */,
				66C9FC44216C88AA0018EF4B /* LaunchScreen.storyboard */,
				66C9FC47216C88AA0018EF4B /* Info.plist */,
				66890D23216E0EA900DDF49B /* Network */,
				66C9FC4F216C947C0018EF4B /* Models */,
			);
			path = GitHubSearch;
			sourceTree = "<group>";
		};
		66C9FC4F216C947C0018EF4B /* Models */ = {
			isa = PBXGroup;
			children = (
				66C9FC50216C94B10018EF4B /* Repositories.swift */,
				66C9FC52216C94BC0018EF4B /* Repository.swift */,
				66C9FC54216CADB30018EF4B /* SearchParameters.swift */,
			);
			path = Models;
			sourceTree = "<group>";
		};
		66C9FC5A216DE72E0018EF4B /* Extensions */ = {
			isa = PBXGroup;
			children = (
				66C9FC5B216DE7410018EF4B /* UISegmentedControl.swift */,
				66C9FC62216DEBCB0018EF4B /* UIColor.swift */,
				66EFC86F216F42AC007CC5A1 /* UIViewController.swift */,
			);
			path = Extensions;
			sourceTree = "<group>";
		};
		66C9FC5F216DE9F70018EF4B /* Common */ = {
			isa = PBXGroup;
			children = (
				66C9FC5D216DE95B0018EF4B /* Fonts.swift */,
				66C9FC60216DEA0F0018EF4B /* Colors.swift */,
			);
			path = Common;
			sourceTree = "<group>";
		};
		FAB276AEB772B8AE593D1E03 /* Frameworks */ = {
			isa = PBXGroup;
			children = (
				1D57C54F9A1840AC56C23BD9 /* Pods_GitHubSearch.framework */,
			);
			name = Frameworks;
			sourceTree = "<group>";
		};
/* End PBXGroup section */

/* Begin PBXNativeTarget section */
		66C9FC37216C88A80018EF4B /* GitHubSearch */ = {
			isa = PBXNativeTarget;
			buildConfigurationList = 66C9FC4A216C88AA0018EF4B /* Build configuration list for PBXNativeTarget "GitHubSearch" */;
			buildPhases = (
				C0F9B59B9CD1025A4FC1BBBA /* [CP] Check Pods Manifest.lock */,
				66C9FC34216C88A80018EF4B /* Sources */,
				66C9FC35216C88A80018EF4B /* Frameworks */,
				66C9FC36216C88A80018EF4B /* Resources */,
				C80176B8535B218DE73230FF /* [CP] Embed Pods Frameworks */,
			);
			buildRules = (
			);
			dependencies = (
			);
			name = GitHubSearch;
			productName = GitHubSearch;
			productReference = 66C9FC38216C88A80018EF4B /* GitHubSearch.app */;
			productType = "com.apple.product-type.application";
		};
/* End PBXNativeTarget section */

/* Begin PBXProject section */
		66C9FC30216C88A80018EF4B /* Project object */ = {
			isa = PBXProject;
			attributes = {
				LastSwiftUpdateCheck = 1000;
				LastUpgradeCheck = 1000;
				ORGANIZATIONNAME = "Alexey Rodionov";
				TargetAttributes = {
					66C9FC37216C88A80018EF4B = {
						CreatedOnToolsVersion = 10.0;
					};
				};
			};
			buildConfigurationList = 66C9FC33216C88A80018EF4B /* Build configuration list for PBXProject "GitHubSearch" */;
			compatibilityVersion = "Xcode 9.3";
			developmentRegion = en;
			hasScannedForEncodings = 0;
			knownRegions = (
				en,
				Base,
			);
			mainGroup = 66C9FC2F216C88A80018EF4B;
			productRefGroup = 66C9FC39216C88A80018EF4B /* Products */;
			projectDirPath = "";
			projectRoot = "";
			targets = (
				66C9FC37216C88A80018EF4B /* GitHubSearch */,
			);
		};
/* End PBXProject section */

/* Begin PBXResourcesBuildPhase section */
		66C9FC36216C88A80018EF4B /* Resources */ = {
			isa = PBXResourcesBuildPhase;
			buildActionMask = 2147483647;
			files = (
				66C9FC46216C88AA0018EF4B /* LaunchScreen.storyboard in Resources */,
				66C9FC43216C88AA0018EF4B /* Assets.xcassets in Resources */,
				66C9FC41216C88A80018EF4B /* Main.storyboard in Resources */,
			);
			runOnlyForDeploymentPostprocessing = 0;
		};
/* End PBXResourcesBuildPhase section */

/* Begin PBXShellScriptBuildPhase section */
		C0F9B59B9CD1025A4FC1BBBA /* [CP] Check Pods Manifest.lock */ = {
			isa = PBXShellScriptBuildPhase;
			buildActionMask = 2147483647;
			files = (
			);
			inputFileListPaths = (
			);
			inputPaths = (
				"${PODS_PODFILE_DIR_PATH}/Podfile.lock",
				"${PODS_ROOT}/Manifest.lock",
			);
			name = "[CP] Check Pods Manifest.lock";
			outputFileListPaths = (
			);
			outputPaths = (
				"$(DERIVED_FILE_DIR)/Pods-GitHubSearch-checkManifestLockResult.txt",
			);
			runOnlyForDeploymentPostprocessing = 0;
			shellPath = /bin/sh;
			shellScript = "diff \"${PODS_PODFILE_DIR_PATH}/Podfile.lock\" \"${PODS_ROOT}/Manifest.lock\" > /dev/null\nif [ $? != 0 ] ; then\n    # print error to STDERR\n    echo \"error: The sandbox is not in sync with the Podfile.lock. Run 'pod install' or update your CocoaPods installation.\" >&2\n    exit 1\nfi\n# This output is used by Xcode 'outputs' to avoid re-running this script phase.\necho \"SUCCESS\" > \"${SCRIPT_OUTPUT_FILE_0}\"\n";
			showEnvVarsInLog = 0;
		};
		C80176B8535B218DE73230FF /* [CP] Embed Pods Frameworks */ = {
			isa = PBXShellScriptBuildPhase;
			buildActionMask = 2147483647;
			files = (
			);
			inputFileListPaths = (
			);
			inputPaths = (
				"${SRCROOT}/Pods/Target Support Files/Pods-GitHubSearch/Pods-GitHubSearch-frameworks.sh",
				"${BUILT_PRODUCTS_DIR}/Alamofire/Alamofire.framework",
				"${BUILT_PRODUCTS_DIR}/Moya/Moya.framework",
				"${BUILT_PRODUCTS_DIR}/Result/Result.framework",
			);
			name = "[CP] Embed Pods Frameworks";
			outputFileListPaths = (
			);
			outputPaths = (
				"${TARGET_BUILD_DIR}/${FRAMEWORKS_FOLDER_PATH}/Alamofire.framework",
				"${TARGET_BUILD_DIR}/${FRAMEWORKS_FOLDER_PATH}/Moya.framework",
				"${TARGET_BUILD_DIR}/${FRAMEWORKS_FOLDER_PATH}/Result.framework",
			);
			runOnlyForDeploymentPostprocessing = 0;
			shellPath = /bin/sh;
			shellScript = "\"${SRCROOT}/Pods/Target Support Files/Pods-GitHubSearch/Pods-GitHubSearch-frameworks.sh\"\n";
			showEnvVarsInLog = 0;
		};
/* End PBXShellScriptBuildPhase section */

/* Begin PBXSourcesBuildPhase section */
		66C9FC34216C88A80018EF4B /* Sources */ = {
			isa = PBXSourcesBuildPhase;
			buildActionMask = 2147483647;
			files = (
				66C9FC3E216C88A80018EF4B /* ViewController.swift in Sources */,
				66EFC872216F4544007CC5A1 /* AboutTableViewController.swift in Sources */,
				66C9FC61216DEA0F0018EF4B /* Colors.swift in Sources */,
				66EFC870216F42AC007CC5A1 /* UIViewController.swift in Sources */,
				66C9FC51216C94B10018EF4B /* Repositories.swift in Sources */,
				66C9FC53216C94BC0018EF4B /* Repository.swift in Sources */,
				66890D22216E0E1E00DDF49B /* NetworkManager.swift in Sources */,
				66C9FC55216CADB30018EF4B /* SearchParameters.swift in Sources */,
				66C9FC4E216C8EBE0018EF4B /* GitHubService.swift in Sources */,
				66C9FC63216DEBCB0018EF4B /* UIColor.swift in Sources */,
				66C9FC5C216DE7410018EF4B /* UISegmentedControl.swift in Sources */,
				66C9FC5E216DE95B0018EF4B /* Fonts.swift in Sources */,
				66C9FC3C216C88A80018EF4B /* AppDelegate.swift in Sources */,
			);
			runOnlyForDeploymentPostprocessing = 0;
		};
/* End PBXSourcesBuildPhase section */

/* Begin PBXVariantGroup section */
		66C9FC3F216C88A80018EF4B /* Main.storyboard */ = {
			isa = PBXVariantGroup;
			children = (
				66C9FC40216C88A80018EF4B /* Base */,
			);
			name = Main.storyboard;
			sourceTree = "<group>";
		};
		66C9FC44216C88AA0018EF4B /* LaunchScreen.storyboard */ = {
			isa = PBXVariantGroup;
			children = (
				66C9FC45216C88AA0018EF4B /* Base */,
			);
			name = LaunchScreen.storyboard;
			sourceTree = "<group>";
		};
/* End PBXVariantGroup section */

/* Begin XCBuildConfiguration section */
		66C9FC48216C88AA0018EF4B /* Debug */ = {
			isa = XCBuildConfiguration;
			buildSettings = {
				ALWAYS_SEARCH_USER_PATHS = NO;
				CLANG_ANALYZER_NONNULL = YES;
				CLANG_ANALYZER_NUMBER_OBJECT_CONVERSION = YES_AGGRESSIVE;
				CLANG_CXX_LANGUAGE_STANDARD = "gnu++14";
				CLANG_CXX_LIBRARY = "libc++";
				CLANG_ENABLE_MODULES = YES;
				CLANG_ENABLE_OBJC_ARC = YES;
				CLANG_ENABLE_OBJC_WEAK = YES;
				CLANG_WARN_BLOCK_CAPTURE_AUTORELEASING = YES;
				CLANG_WARN_BOOL_CONVERSION = YES;
				CLANG_WARN_COMMA = YES;
				CLANG_WARN_CONSTANT_CONVERSION = YES;
				CLANG_WARN_DEPRECATED_OBJC_IMPLEMENTATIONS = YES;
				CLANG_WARN_DIRECT_OBJC_ISA_USAGE = YES_ERROR;
				CLANG_WARN_DOCUMENTATION_COMMENTS = YES;
				CLANG_WARN_EMPTY_BODY = YES;
				CLANG_WARN_ENUM_CONVERSION = YES;
				CLANG_WARN_INFINITE_RECURSION = YES;
				CLANG_WARN_INT_CONVERSION = YES;
				CLANG_WARN_NON_LITERAL_NULL_CONVERSION = YES;
				CLANG_WARN_OBJC_IMPLICIT_RETAIN_SELF = YES;
				CLANG_WARN_OBJC_LITERAL_CONVERSION = YES;
				CLANG_WARN_OBJC_ROOT_CLASS = YES_ERROR;
				CLANG_WARN_RANGE_LOOP_ANALYSIS = YES;
				CLANG_WARN_STRICT_PROTOTYPES = YES;
				CLANG_WARN_SUSPICIOUS_MOVE = YES;
				CLANG_WARN_UNGUARDED_AVAILABILITY = YES_AGGRESSIVE;
				CLANG_WARN_UNREACHABLE_CODE = YES;
				CLANG_WARN__DUPLICATE_METHOD_MATCH = YES;
				CODE_SIGN_IDENTITY = "iPhone Developer";
				COPY_PHASE_STRIP = NO;
				DEBUG_INFORMATION_FORMAT = dwarf;
				ENABLE_STRICT_OBJC_MSGSEND = YES;
				ENABLE_TESTABILITY = YES;
				GCC_C_LANGUAGE_STANDARD = gnu11;
				GCC_DYNAMIC_NO_PIC = NO;
				GCC_NO_COMMON_BLOCKS = YES;
				GCC_OPTIMIZATION_LEVEL = 0;
				GCC_PREPROCESSOR_DEFINITIONS = (
					"DEBUG=1",
					"$(inherited)",
				);
				GCC_WARN_64_TO_32_BIT_CONVERSION = YES;
				GCC_WARN_ABOUT_RETURN_TYPE = YES_ERROR;
				GCC_WARN_UNDECLARED_SELECTOR = YES;
				GCC_WARN_UNINITIALIZED_AUTOS = YES_AGGRESSIVE;
				GCC_WARN_UNUSED_FUNCTION = YES;
				GCC_WARN_UNUSED_VARIABLE = YES;
				IPHONEOS_DEPLOYMENT_TARGET = 12.0;
				MTL_ENABLE_DEBUG_INFO = INCLUDE_SOURCE;
				MTL_FAST_MATH = YES;
				ONLY_ACTIVE_ARCH = YES;
				SDKROOT = iphoneos;
				SWIFT_ACTIVE_COMPILATION_CONDITIONS = DEBUG;
				SWIFT_OPTIMIZATION_LEVEL = "-Onone";
			};
			name = Debug;
		};
		66C9FC49216C88AA0018EF4B /* Release */ = {
			isa = XCBuildConfiguration;
			buildSettings = {
				ALWAYS_SEARCH_USER_PATHS = NO;
				CLANG_ANALYZER_NONNULL = YES;
				CLANG_ANALYZER_NUMBER_OBJECT_CONVERSION = YES_AGGRESSIVE;
				CLANG_CXX_LANGUAGE_STANDARD = "gnu++14";
				CLANG_CXX_LIBRARY = "libc++";
				CLANG_ENABLE_MODULES = YES;
				CLANG_ENABLE_OBJC_ARC = YES;
				CLANG_ENABLE_OBJC_WEAK = YES;
				CLANG_WARN_BLOCK_CAPTURE_AUTORELEASING = YES;
				CLANG_WARN_BOOL_CONVERSION = YES;
				CLANG_WARN_COMMA = YES;
				CLANG_WARN_CONSTANT_CONVERSION = YES;
				CLANG_WARN_DEPRECATED_OBJC_IMPLEMENTATIONS = YES;
				CLANG_WARN_DIRECT_OBJC_ISA_USAGE = YES_ERROR;
				CLANG_WARN_DOCUMENTATION_COMMENTS = YES;
				CLANG_WARN_EMPTY_BODY = YES;
				CLANG_WARN_ENUM_CONVERSION = YES;
				CLANG_WARN_INFINITE_RECURSION = YES;
				CLANG_WARN_INT_CONVERSION = YES;
				CLANG_WARN_NON_LITERAL_NULL_CONVERSION = YES;
				CLANG_WARN_OBJC_IMPLICIT_RETAIN_SELF = YES;
				CLANG_WARN_OBJC_LITERAL_CONVERSION = YES;
				CLANG_WARN_OBJC_ROOT_CLASS = YES_ERROR;
				CLANG_WARN_RANGE_LOOP_ANALYSIS = YES;
				CLANG_WARN_STRICT_PROTOTYPES = YES;
				CLANG_WARN_SUSPICIOUS_MOVE = YES;
				CLANG_WARN_UNGUARDED_AVAILABILITY = YES_AGGRESSIVE;
				CLANG_WARN_UNREACHABLE_CODE = YES;
				CLANG_WARN__DUPLICATE_METHOD_MATCH = YES;
				CODE_SIGN_IDENTITY = "iPhone Developer";
				COPY_PHASE_STRIP = NO;
				DEBUG_INFORMATION_FORMAT = "dwarf-with-dsym";
				ENABLE_NS_ASSERTIONS = NO;
				ENABLE_STRICT_OBJC_MSGSEND = YES;
				GCC_C_LANGUAGE_STANDARD = gnu11;
				GCC_NO_COMMON_BLOCKS = YES;
				GCC_WARN_64_TO_32_BIT_CONVERSION = YES;
				GCC_WARN_ABOUT_RETURN_TYPE = YES_ERROR;
				GCC_WARN_UNDECLARED_SELECTOR = YES;
				GCC_WARN_UNINITIALIZED_AUTOS = YES_AGGRESSIVE;
				GCC_WARN_UNUSED_FUNCTION = YES;
				GCC_WARN_UNUSED_VARIABLE = YES;
				IPHONEOS_DEPLOYMENT_TARGET = 12.0;
				MTL_ENABLE_DEBUG_INFO = NO;
				MTL_FAST_MATH = YES;
				SDKROOT = iphoneos;
				SWIFT_COMPILATION_MODE = wholemodule;
				SWIFT_OPTIMIZATION_LEVEL = "-O";
				VALIDATE_PRODUCT = YES;
			};
			name = Release;
		};
		66C9FC4B216C88AA0018EF4B /* Debug */ = {
			isa = XCBuildConfiguration;
			baseConfigurationReference = FB8279F5F0E7D9F25D2ADC8C /* Pods-GitHubSearch.debug.xcconfig */;
			buildSettings = {
				ASSETCATALOG_COMPILER_APPICON_NAME = AppIcon;
				CODE_SIGN_STYLE = Automatic;
				DEVELOPMENT_TEAM = 4FV76MK7R3;
				INFOPLIST_FILE = GitHubSearch/Info.plist;
				IPHONEOS_DEPLOYMENT_TARGET = 10.0;
				LD_RUNPATH_SEARCH_PATHS = (
					"$(inherited)",
					"@executable_path/Frameworks",
				);
				PRODUCT_BUNDLE_IDENTIFIER = alexio.ru.GitHubSearch;
				PRODUCT_NAME = "$(TARGET_NAME)";
				SWIFT_VERSION = 4.2;
				TARGETED_DEVICE_FAMILY = "1,2";
			};
			name = Debug;
		};
		66C9FC4C216C88AA0018EF4B /* Release */ = {
			isa = XCBuildConfiguration;
			baseConfigurationReference = 930EE667E30CE53931B088FD /* Pods-GitHubSearch.release.xcconfig */;
			buildSettings = {
				ASSETCATALOG_COMPILER_APPICON_NAME = AppIcon;
				CODE_SIGN_STYLE = Automatic;
				DEVELOPMENT_TEAM = 4FV76MK7R3;
				INFOPLIST_FILE = GitHubSearch/Info.plist;
				IPHONEOS_DEPLOYMENT_TARGET = 10.0;
				LD_RUNPATH_SEARCH_PATHS = (
					"$(inherited)",
					"@executable_path/Frameworks",
				);
				PRODUCT_BUNDLE_IDENTIFIER = alexio.ru.GitHubSearch;
				PRODUCT_NAME = "$(TARGET_NAME)";
				SWIFT_VERSION = 4.2;
				TARGETED_DEVICE_FAMILY = "1,2";
			};
			name = Release;
		};
/* End XCBuildConfiguration section */

/* Begin XCConfigurationList section */
		66C9FC33216C88A80018EF4B /* Build configuration list for PBXProject "GitHubSearch" */ = {
			isa = XCConfigurationList;
			buildConfigurations = (
				66C9FC48216C88AA0018EF4B /* Debug */,
				66C9FC49216C88AA0018EF4B /* Release */,
			);
			defaultConfigurationIsVisible = 0;
			defaultConfigurationName = Release;
		};
		66C9FC4A216C88AA0018EF4B /* Build configuration list for PBXNativeTarget "GitHubSearch" */ = {
			isa = XCConfigurationList;
			buildConfigurations = (
				66C9FC4B216C88AA0018EF4B /* Debug */,
				66C9FC4C216C88AA0018EF4B /* Release */,
			);
			defaultConfigurationIsVisible = 0;
			defaultConfigurationName = Release;
		};
/* End XCConfigurationList section */
	};
	rootObject = 66C9FC30216C88A80018EF4B /* Project object */;
}
